
Microsoft Visual Studio Solution File, Format Version 11.00
# Visual Studio 2010
Project("{FAE04EC0-301F-11D3-BF4B-00C04F79EFBC}") = "Assembly-CSharp", "Assembly-CSharp.csproj", "{5746A85E-4DAC-BE3A-4E28-5533BB73EA2C}"
EndProject
Project("{FAE04EC0-301F-11D3-BF4B-00C04F79EFBC}") = "Assembly-CSharp-firstpass", "Assembly-CSharp-firstpass.csproj", "{30C125AF-8255-3601-872A-930EA11594C2}"
EndProject
Project("{FAE04EC0-301F-11D3-BF4B-00C04F79EFBC}") = "Assembly-CSharp-Editor", "Assembly-CSharp-Editor.csproj", "{524738F9-F9C0-AAD2-2E75-B17B22D1891F}"
EndProject
Project("{FAE04EC0-301F-11D3-BF4B-00C04F79EFBC}") = "Assembly-CSharp-Editor-firstpass", "Assembly-CSharp-Editor-firstpass.csproj", "{96CFF575-BB5C-642C-F860-E2BBCB9F3808}"
EndProject
Global
	GlobalSection(SolutionConfigurationPlatforms) = preSolution
		Debug|Any CPU = Debug|Any CPU
		Release|Any CPU = Release|Any CPU
	EndGlobalSection
	GlobalSection(ProjectConfigurationPlatforms) = postSolution
		{5746A85E-4DAC-BE3A-4E28-5533BB73EA2C}.Debug|Any CPU.ActiveCfg = Debug|Any CPU
		{5746A85E-4DAC-BE3A-4E28-5533BB73EA2C}.Debug|Any CPU.Build.0 = Debug|Any CPU
		{5746A85E-4DAC-BE3A-4E28-5533BB73EA2C}.Release|Any CPU.ActiveCfg = Release|Any CPU
		{5746A85E-4DAC-BE3A-4E28-5533BB73EA2C}.Release|Any CPU.Build.0 = Release|Any CPU
		{30C125AF-8255-3601-872A-930EA11594C2}.Debug|Any CPU.ActiveCfg = Debug|Any CPU
		{30C125AF-8255-3601-872A-930EA11594C2}.Debug|Any CPU.Build.0 = Debug|Any CPU
		{30C125AF-8255-3601-872A-930EA11594C2}.Release|Any CPU.ActiveCfg = Release|Any CPU
		{30C125AF-8255-3601-872A-930EA11594C2}.Release|Any CPU.Build.0 = Release|Any CPU
		{524738F9-F9C0-AAD2-2E75-B17B22D1891F}.Debug|Any CPU.ActiveCfg = Debug|Any CPU
		{524738F9-F9C0-AAD2-2E75-B17B22D1891F}.Debug|Any CPU.Build.0 = Debug|Any CPU
		{524738F9-F9C0-AAD2-2E75-B17B22D1891F}.Release|Any CPU.ActiveCfg = Release|Any CPU
		{524738F9-F9C0-AAD2-2E75-B17B22D1891F}.Release|Any CPU.Build.0 = Release|Any CPU
		{96CFF575-BB5C-642C-F860-E2BBCB9F3808}.Debug|Any CPU.ActiveCfg = Debug|Any CPU
		{96CFF575-BB5C-642C-F860-E2BBCB9F3808}.Debug|Any CPU.Build.0 = Debug|Any CPU
		{96CFF575-BB5C-642C-F860-E2BBCB9F3808}.Release|Any CPU.ActiveCfg = Release|Any CPU
		{96CFF575-BB5C-642C-F860-E2BBCB9F3808}.Release|Any CPU.Build.0 = Release|Any CPU
	EndGlobalSection
	GlobalSection(SolutionProperties) = preSolution
		HideSolutionNode = FALSE
	EndGlobalSection
	GlobalSection(MonoDevelopProperties) = preSolution
		StartupItem = Assembly-CSharp.csproj
	EndGlobalSection
EndGlobal
